{
  "object": {
    "pins": [
      {
        "package": "CArch",
        "repositoryURL": "https://github.com/ayham-achami/CArch.git",
        "state": {
          "branch": "feature/fix-module-components",
          "revision": "1ad9cd5a7e7aab5bae149ec9904a9c45e6573b64",
          "version": null
        }
      },
      {
        "package": "Swinject",
        "repositoryURL": "https://github.com/Swinject/Swinject.git",
        "state": {
          "branch": null,
          "revision": "8bc503e60965298984fb58cf47b71c541449fe2a",
          "version": "2.8.3"
        }
      },
      {
        "package": "SwinjectStoryboard",
        "repositoryURL": "https://github.com/Swinject/SwinjectStoryboard.git",
        "state": {
          "branch": null,
          "revision": "a39bd7abe7e7427f9a0929a402cf2d1916fa5d50",
          "version": "2.2.2"
        }
      }
    ]
  },
  "version": 1
}
