{
  "object": {
    "pins": [
      {
        "package": "CArch",
        "repositoryURL": "https://github.com/ayham-achami/CArch.git",
        "state": {
          "branch": "mainline",
          "revision": "36ef9d744f90bff78163e77bcc8a38cdfcd8156e",
          "version": null
        }
      },
      {
        "package": "Swinject",
        "repositoryURL": "https://github.com/Swinject/Swinject.git",
        "state": {
          "branch": null,
          "revision": "11e65d83ba100459a41837119a8af32f182339f1",
          "version": "2.8.2"
        }
      }
    ]
  },
  "version": 1
}
