PODS:
  - CArch (1.0.0)
  - SwiftLint (0.47.1)
  - Swinject (2.7.1)
  - SwinjectStoryboard (2.2.2):
    - Swinject (~> 2.7.1)

DEPENDENCIES:
  - CArch (from `https://github.com/ayham-achami/CArch.git`, branch `mainline`)
  - SwiftLint
  - Swinject
  - SwinjectStoryboard

SPEC REPOS:
  https://github.com/CocoaPods/specs.git:
    - SwiftLint
    - Swinject
    - SwinjectStoryboard

EXTERNAL SOURCES:
  CArch:
    :branch: mainline
    :git: https://github.com/ayham-achami/CArch.git

CHECKOUT OPTIONS:
  CArch:
    :commit: 840143d4afc7018909a45a7b3d7cfa37ad8e68a7
    :git: https://github.com/ayham-achami/CArch.git

SPEC CHECKSUMS:
  CArch: 8e385adfd9744eae7ffa26a7c913a60a6c11fcf8
  SwiftLint: f80f1be7fa96d30e0aa68e58d45d4ea1ccaac519
  Swinject: ddf78b8486dd9b71a667b852cad919ab4484478e
  SwinjectStoryboard: 240ce371396da09a4c43c72ee5c148108500e184

PODFILE CHECKSUM: d49a6bb03c1b960a94eff09c30f056bcdb77da9e

COCOAPODS: 1.10.1
