PODS:
  - Alamofire (5.7.1)
  - AlamofireImage (4.2.0):
    - Alamofire (~> 5.4)
  - CArch (1.0.0)
  - SwiftLint (0.50.3)
  - Swinject (2.8.3)
  - SwinjectStoryboard (2.2.0):
    - Swinject (~> 2.6)

DEPENDENCIES:
  - AlamofireImage
  - CArch (from `/Users/ayham/iOSFrameworks/GitHub/CArch`)
  - SwiftLint
  - Swinject
  - SwinjectStoryboard

SPEC REPOS:
  https://github.com/CocoaPods/specs.git:
    - Alamofire
    - AlamofireImage
    - SwiftLint
    - Swinject
    - SwinjectStoryboard

EXTERNAL SOURCES:
  CArch:
    :path: "/Users/ayham/iOSFrameworks/GitHub/CArch"

SPEC CHECKSUMS:
  Alamofire: 0123a34370cb170936ae79a8df46cc62b2edeb88
  AlamofireImage: 34a2d90b0e5fe6a5605f85ae4b7b01e784c60192
  CArch: 8196f9bce271aaaeddebd8016970e0afd794f0a6
  SwiftLint: 77f7cb2b9bb81ab4a12fcc86448ba3f11afa50c6
  Swinject: 893c9a543000ac2f10ee4cbaf0933c6992c935d5
  SwinjectStoryboard: 32512ef16c2b0ff5b8f823b23539c4a50f6d3383

PODFILE CHECKSUM: 8725d6e551555e692ffbb4ccb295482231282d03

COCOAPODS: 1.10.2
