PODS:
  - CArch (1.0.0)
  - SwiftLint (0.49.1)
  - Swinject (2.8.2)

DEPENDENCIES:
  - CArch (from `https://github.com/ayham-achami/CArch.git`, branch `mainline`)
  - SwiftLint
  - Swinject

SPEC REPOS:
  https://github.com/CocoaPods/specs.git:
    - SwiftLint
    - Swinject

EXTERNAL SOURCES:
  CArch:
    :branch: mainline
    :git: https://github.com/ayham-achami/CArch.git

CHECKOUT OPTIONS:
  CArch:
    :commit: 0f617410d2ad45782a525ef83f64324f33a30b3e
    :git: https://github.com/ayham-achami/CArch.git

SPEC CHECKSUMS:
  CArch: 8e385adfd9744eae7ffa26a7c913a60a6c11fcf8
  SwiftLint: 32ee33ded0636d0905ef6911b2b67bbaeeedafa5
  Swinject: b4a11b31992e8668308dc594ba1cb9b3164a37ab

PODFILE CHECKSUM: 1b43cea8f17df264181d306599d8a5abfdb60bc3

COCOAPODS: 1.10.2
