// !$*UTF8*$!
{
	archiveVersion = 1;
	classes = {
	};
	objectVersion = 52;
	objects = {

/* Begin PBXBuildFile section */
		066E32BB153C8E3370E9D4D7 /* MainState.swift in Sources */ = {isa = PBXBuildFile; fileRef = CF207D7984CA472FB5526857 /* MainState.swift */; };
		4E8375EAF30CACA4D765FBF6 /* MainPresenter.swift in Sources */ = {isa = PBXBuildFile; fileRef = 303A1BB522B65808F52329E1 /* MainPresenter.swift */; };
		5B3C236224543279DD67D4E1 /* Pods_CArchSwinject.framework in Frameworks */ = {isa = PBXBuildFile; fileRef = BE5AB90EBE70335601821ACB /* Pods_CArchSwinject.framework */; };
		5DBD411818C4BEC49168FA17 /* MainProvider.swift in Sources */ = {isa = PBXBuildFile; fileRef = B80C9ED9B6D46F7B2538B896 /* MainProvider.swift */; };
		8091F132C89862B59E22DE3A /* MainAssemblyTest.swift in Sources */ = {isa = PBXBuildFile; fileRef = 250E8E62870ED337A38DF45B /* MainAssemblyTest.swift */; };
		810FE3B00D920EEE1E1A7B20 /* Pods_Playground.framework in Frameworks */ = {isa = PBXBuildFile; fileRef = 7CA94DA6FD464E86552A43EA /* Pods_Playground.framework */; };
		8E90F79206FC967AE2CF242E /* MainView.swift in Sources */ = {isa = PBXBuildFile; fileRef = 8BE842558B939091CD28F6E5 /* MainView.swift */; };
		99CE846A3A9E69196B49B861 /* MainAssembly.swift in Sources */ = {isa = PBXBuildFile; fileRef = FD186A6BC1F656AF88FE9232 /* MainAssembly.swift */; };
		A8C8F76A66EFBCA1B251C217 /* MainRouter.swift in Sources */ = {isa = PBXBuildFile; fileRef = ECE2C8F11D3A81928212190B /* MainRouter.swift */; };
		CBD5F75EFDA8D4EEDBBBF5C6 /* Main.storyboard in Resources */ = {isa = PBXBuildFile; fileRef = 5D98713FA04EDD7ED8CD88DB /* Main.storyboard */; };
		DF22E378273132A0008B96A0 /* PlaygroundTests.swift in Sources */ = {isa = PBXBuildFile; fileRef = DF22E377273132A0008B96A0 /* PlaygroundTests.swift */; };
		DF22E37E27313369008B96A0 /* CArchSwinject.framework in Frameworks */ = {isa = PBXBuildFile; fileRef = F0FFD78E26D65DDE00291681 /* CArchSwinject.framework */; platformFilter = ios; };
		DF22E37F27313369008B96A0 /* CArchSwinject.framework in Embed Frameworks */ = {isa = PBXBuildFile; fileRef = F0FFD78E26D65DDE00291681 /* CArchSwinject.framework */; settings = {ATTRIBUTES = (CodeSignOnCopy, RemoveHeadersOnCopy, ); }; };
		E993B77B865888B68EE47C5F /* MainRenderer.swift in Sources */ = {isa = PBXBuildFile; fileRef = C6A63B39BC48A2F7DBCD3272 /* MainRenderer.swift */; };
		F0FFD79826D65DDE00291681 /* CArchSwinject.framework in Frameworks */ = {isa = PBXBuildFile; fileRef = F0FFD78E26D65DDE00291681 /* CArchSwinject.framework */; };
		F0FFD7BD26D65F1700291681 /* InstanceStorage.swift in Sources */ = {isa = PBXBuildFile; fileRef = F0FFD7AF26D65F1600291681 /* InstanceStorage.swift */; };
		F0FFD7BE26D65F1700291681 /* ServicesApplying.swift in Sources */ = {isa = PBXBuildFile; fileRef = F0FFD7B026D65F1600291681 /* ServicesApplying.swift */; };
		F0FFD7BF26D65F1700291681 /* LayoutAssemblyFactory.swift in Sources */ = {isa = PBXBuildFile; fileRef = F0FFD7B226D65F1600291681 /* LayoutAssemblyFactory.swift */; };
		F0FFD7C026D65F1700291681 /* UIViewController+LMA.swift in Sources */ = {isa = PBXBuildFile; fileRef = F0FFD7B326D65F1600291681 /* UIViewController+LMA.swift */; };
		F0FFD7C126D65F1700291681 /* LayoutModuleApplying.swift in Sources */ = {isa = PBXBuildFile; fileRef = F0FFD7B426D65F1600291681 /* LayoutModuleApplying.swift */; };
		F0FFD7C226D65F1700291681 /* Container+DIContainer.swift in Sources */ = {isa = PBXBuildFile; fileRef = F0FFD7B526D65F1600291681 /* Container+DIContainer.swift */; };
		F0FFD7C326D65F1700291681 /* Container+DIStoryboard.swift in Sources */ = {isa = PBXBuildFile; fileRef = F0FFD7B726D65F1600291681 /* Container+DIStoryboard.swift */; };
		F0FFD7C426D65F1700291681 /* UIViewController+SMA.swift in Sources */ = {isa = PBXBuildFile; fileRef = F0FFD7B826D65F1600291681 /* UIViewController+SMA.swift */; };
		F0FFD7C526D65F1700291681 /* StoryboardModuleApplying.swift in Sources */ = {isa = PBXBuildFile; fileRef = F0FFD7B926D65F1600291681 /* StoryboardModuleApplying.swift */; };
		F0FFD7C626D65F1700291681 /* StoryboardAssemblyFactory.swift in Sources */ = {isa = PBXBuildFile; fileRef = F0FFD7BA26D65F1600291681 /* StoryboardAssemblyFactory.swift */; };
		F0FFD7C726D65F1700291681 /* UnsafeInjectable.swift in Sources */ = {isa = PBXBuildFile; fileRef = F0FFD7BB26D65F1700291681 /* UnsafeInjectable.swift */; };
		F0FFD7C826D65F1700291681 /* SwinjectProvider.swift in Sources */ = {isa = PBXBuildFile; fileRef = F0FFD7BC26D65F1700291681 /* SwinjectProvider.swift */; };
		F0FFD7CE26D65FFF00291681 /* Gemfile in Resources */ = {isa = PBXBuildFile; fileRef = F0FFD7CD26D65FFF00291681 /* Gemfile */; };
		F0FFD7D626D6614C00291681 /* AppDelegate.swift in Sources */ = {isa = PBXBuildFile; fileRef = F0FFD7D526D6614C00291681 /* AppDelegate.swift */; };
		F0FFD7D826D6614C00291681 /* SceneDelegate.swift in Sources */ = {isa = PBXBuildFile; fileRef = F0FFD7D726D6614C00291681 /* SceneDelegate.swift */; };
		F0FFD7DF26D6614D00291681 /* Assets.xcassets in Resources */ = {isa = PBXBuildFile; fileRef = F0FFD7DE26D6614D00291681 /* Assets.xcassets */; };
		F0FFD7E226D6614D00291681 /* LaunchScreen.storyboard in Resources */ = {isa = PBXBuildFile; fileRef = F0FFD7E026D6614D00291681 /* LaunchScreen.storyboard */; };
		F4919562DED6B719AEAF3146 /* Pods_CArchSwinjectTests.framework in Frameworks */ = {isa = PBXBuildFile; fileRef = 05452462847C3311CCB6591E /* Pods_CArchSwinjectTests.framework */; };
/* End PBXBuildFile section */

/* Begin PBXContainerItemProxy section */
		DF22E379273132A0008B96A0 /* PBXContainerItemProxy */ = {
			isa = PBXContainerItemProxy;
			containerPortal = F0FFD78526D65DDE00291681 /* Project object */;
			proxyType = 1;
			remoteGlobalIDString = F0FFD7D226D6614C00291681;
			remoteInfo = Playground;
		};
		DF22E38027313369008B96A0 /* PBXContainerItemProxy */ = {
			isa = PBXContainerItemProxy;
			containerPortal = F0FFD78526D65DDE00291681 /* Project object */;
			proxyType = 1;
			remoteGlobalIDString = F0FFD78D26D65DDE00291681;
			remoteInfo = CArchSwinject;
		};
		F0FFD79926D65DDE00291681 /* PBXContainerItemProxy */ = {
			isa = PBXContainerItemProxy;
			containerPortal = F0FFD78526D65DDE00291681 /* Project object */;
			proxyType = 1;
			remoteGlobalIDString = F0FFD78D26D65DDE00291681;
			remoteInfo = CArchSwinject;
		};
/* End PBXContainerItemProxy section */

/* Begin PBXCopyFilesBuildPhase section */
		DF22E38227313369008B96A0 /* Embed Frameworks */ = {
			isa = PBXCopyFilesBuildPhase;
			buildActionMask = 2147483647;
			dstPath = "";
			dstSubfolderSpec = 10;
			files = (
				DF22E37F27313369008B96A0 /* CArchSwinject.framework in Embed Frameworks */,
			);
			name = "Embed Frameworks";
			runOnlyForDeploymentPostprocessing = 0;
		};
/* End PBXCopyFilesBuildPhase section */

/* Begin PBXFileReference section */
		05452462847C3311CCB6591E /* Pods_CArchSwinjectTests.framework */ = {isa = PBXFileReference; explicitFileType = wrapper.framework; includeInIndex = 0; path = Pods_CArchSwinjectTests.framework; sourceTree = BUILT_PRODUCTS_DIR; };
		0E3CF57CB77F493D3D12FC4E /* Pods-CArchSwinjectTests.debug.xcconfig */ = {isa = PBXFileReference; includeInIndex = 1; lastKnownFileType = text.xcconfig; name = "Pods-CArchSwinjectTests.debug.xcconfig"; path = "Target Support Files/Pods-CArchSwinjectTests/Pods-CArchSwinjectTests.debug.xcconfig"; sourceTree = "<group>"; };
		1A5C607453E78A4102B9C8C1 /* Pods-CArchSwinject.debug.xcconfig */ = {isa = PBXFileReference; includeInIndex = 1; lastKnownFileType = text.xcconfig; name = "Pods-CArchSwinject.debug.xcconfig"; path = "Target Support Files/Pods-CArchSwinject/Pods-CArchSwinject.debug.xcconfig"; sourceTree = "<group>"; };
		250E8E62870ED337A38DF45B /* MainAssemblyTest.swift */ = {isa = PBXFileReference; includeInIndex = 1; lastKnownFileType = sourcecode.swift; path = MainAssemblyTest.swift; sourceTree = "<group>"; };
		2C27CF50D2434DC7D7DD1C0D /* Pods-CArchSwinject-CArchSwinjectTests.debug.xcconfig */ = {isa = PBXFileReference; includeInIndex = 1; lastKnownFileType = text.xcconfig; name = "Pods-CArchSwinject-CArchSwinjectTests.debug.xcconfig"; path = "Target Support Files/Pods-CArchSwinject-CArchSwinjectTests/Pods-CArchSwinject-CArchSwinjectTests.debug.xcconfig"; sourceTree = "<group>"; };
		303A1BB522B65808F52329E1 /* MainPresenter.swift */ = {isa = PBXFileReference; includeInIndex = 1; lastKnownFileType = sourcecode.swift; path = MainPresenter.swift; sourceTree = "<group>"; };
		4803454DBA7C69C68161B172 /* Pods-Playground.release.xcconfig */ = {isa = PBXFileReference; includeInIndex = 1; lastKnownFileType = text.xcconfig; name = "Pods-Playground.release.xcconfig"; path = "Target Support Files/Pods-Playground/Pods-Playground.release.xcconfig"; sourceTree = "<group>"; };
		5D98713FA04EDD7ED8CD88DB /* Main.storyboard */ = {isa = PBXFileReference; includeInIndex = 1; lastKnownFileType = file.storyboard; path = Main.storyboard; sourceTree = "<group>"; };
		7CA94DA6FD464E86552A43EA /* Pods_Playground.framework */ = {isa = PBXFileReference; explicitFileType = wrapper.framework; includeInIndex = 0; path = Pods_Playground.framework; sourceTree = BUILT_PRODUCTS_DIR; };
		8BE842558B939091CD28F6E5 /* MainView.swift */ = {isa = PBXFileReference; includeInIndex = 1; lastKnownFileType = sourcecode.swift; path = MainView.swift; sourceTree = "<group>"; };
		B30AF7F87E853967355C3ADC /* Pods-CArchSwinject-CArchSwinjectTests.release.xcconfig */ = {isa = PBXFileReference; includeInIndex = 1; lastKnownFileType = text.xcconfig; name = "Pods-CArchSwinject-CArchSwinjectTests.release.xcconfig"; path = "Target Support Files/Pods-CArchSwinject-CArchSwinjectTests/Pods-CArchSwinject-CArchSwinjectTests.release.xcconfig"; sourceTree = "<group>"; };
		B80C9ED9B6D46F7B2538B896 /* MainProvider.swift */ = {isa = PBXFileReference; includeInIndex = 1; lastKnownFileType = sourcecode.swift; path = MainProvider.swift; sourceTree = "<group>"; };
		BE5AB90EBE70335601821ACB /* Pods_CArchSwinject.framework */ = {isa = PBXFileReference; explicitFileType = wrapper.framework; includeInIndex = 0; path = Pods_CArchSwinject.framework; sourceTree = BUILT_PRODUCTS_DIR; };
		C6A63B39BC48A2F7DBCD3272 /* MainRenderer.swift */ = {isa = PBXFileReference; includeInIndex = 1; lastKnownFileType = sourcecode.swift; path = MainRenderer.swift; sourceTree = "<group>"; };
		C8773D4668329CFAEB67B220 /* Pods-Playground.debug.xcconfig */ = {isa = PBXFileReference; includeInIndex = 1; lastKnownFileType = text.xcconfig; name = "Pods-Playground.debug.xcconfig"; path = "Target Support Files/Pods-Playground/Pods-Playground.debug.xcconfig"; sourceTree = "<group>"; };
		C8AA24CD9170AE7A58CB3EDF /* Pods-CArchSwinjectTests.release.xcconfig */ = {isa = PBXFileReference; includeInIndex = 1; lastKnownFileType = text.xcconfig; name = "Pods-CArchSwinjectTests.release.xcconfig"; path = "Target Support Files/Pods-CArchSwinjectTests/Pods-CArchSwinjectTests.release.xcconfig"; sourceTree = "<group>"; };
		CF207D7984CA472FB5526857 /* MainState.swift */ = {isa = PBXFileReference; includeInIndex = 1; lastKnownFileType = sourcecode.swift; path = MainState.swift; sourceTree = "<group>"; };
		DF22E36227313152008B96A0 /* Playground.rambaspec */ = {isa = PBXFileReference; lastKnownFileType = text; path = Playground.rambaspec; sourceTree = "<group>"; };
		DF22E36527313152008B96A0 /* assemblyTest.swift.liquid */ = {isa = PBXFileReference; lastKnownFileType = text; path = assemblyTest.swift.liquid; sourceTree = "<group>"; };
		DF22E36727313152008B96A0 /* renderer.swift.liquid */ = {isa = PBXFileReference; lastKnownFileType = text; path = renderer.swift.liquid; sourceTree = "<group>"; };
		DF22E36827313152008B96A0 /* storyboard.storyboard.liquid */ = {isa = PBXFileReference; lastKnownFileType = text.xml; path = storyboard.storyboard.liquid; sourceTree = "<group>"; };
		DF22E36927313152008B96A0 /* assembly.swift.liquid */ = {isa = PBXFileReference; lastKnownFileType = text; path = assembly.swift.liquid; sourceTree = "<group>"; };
		DF22E36A27313152008B96A0 /* state.swift.liquid */ = {isa = PBXFileReference; lastKnownFileType = text; path = state.swift.liquid; sourceTree = "<group>"; };
		DF22E36B27313152008B96A0 /* presenter.swift.liquid */ = {isa = PBXFileReference; lastKnownFileType = text; path = presenter.swift.liquid; sourceTree = "<group>"; };
		DF22E36C27313152008B96A0 /* provider.swift.liquid */ = {isa = PBXFileReference; lastKnownFileType = text; path = provider.swift.liquid; sourceTree = "<group>"; };
		DF22E36D27313152008B96A0 /* router.swift.liquid */ = {isa = PBXFileReference; lastKnownFileType = text; path = router.swift.liquid; sourceTree = "<group>"; };
		DF22E36E27313152008B96A0 /* view.swift.liquid */ = {isa = PBXFileReference; lastKnownFileType = text; path = view.swift.liquid; sourceTree = "<group>"; };
		DF22E37027313152008B96A0 /* AutoMockable-BlackBook.stencil */ = {isa = PBXFileReference; lastKnownFileType = text; path = "AutoMockable-BlackBook.stencil"; sourceTree = "<group>"; };
		DF22E375273132A0008B96A0 /* PlaygroundTests.xctest */ = {isa = PBXFileReference; explicitFileType = wrapper.cfbundle; includeInIndex = 0; path = PlaygroundTests.xctest; sourceTree = BUILT_PRODUCTS_DIR; };
		DF22E377273132A0008B96A0 /* PlaygroundTests.swift */ = {isa = PBXFileReference; lastKnownFileType = sourcecode.swift; path = PlaygroundTests.swift; sourceTree = "<group>"; };
		E52EB1D0C22563CEE4B8A93D /* Pods-CArchSwinject.release.xcconfig */ = {isa = PBXFileReference; includeInIndex = 1; lastKnownFileType = text.xcconfig; name = "Pods-CArchSwinject.release.xcconfig"; path = "Target Support Files/Pods-CArchSwinject/Pods-CArchSwinject.release.xcconfig"; sourceTree = "<group>"; };
		ECE2C8F11D3A81928212190B /* MainRouter.swift */ = {isa = PBXFileReference; includeInIndex = 1; lastKnownFileType = sourcecode.swift; path = MainRouter.swift; sourceTree = "<group>"; };
		F0A5F4FB26D8E3A2004901E5 /* CArchSwinject.podspec */ = {isa = PBXFileReference; explicitFileType = text.script.ruby; path = CArchSwinject.podspec; sourceTree = "<group>"; };
		F0A5F4FC26D8E3CE004901E5 /* LICENSE */ = {isa = PBXFileReference; lastKnownFileType = text; path = LICENSE; sourceTree = "<group>"; };
		F0A5F4FD26D8E85B004901E5 /* Fastfile */ = {isa = PBXFileReference; explicitFileType = text.script.ruby; name = Fastfile; path = fastlane/Fastfile; sourceTree = "<group>"; };
		F0A5F4FE26D8E85B004901E5 /* Pluginfile */ = {isa = PBXFileReference; explicitFileType = text.script.ruby; name = Pluginfile; path = fastlane/Pluginfile; sourceTree = "<group>"; };
		F0A5F50126D8E8D4004901E5 /* .swiftlint.yml */ = {isa = PBXFileReference; lastKnownFileType = text.yaml; path = .swiftlint.yml; sourceTree = "<group>"; };
		F0FFD78E26D65DDE00291681 /* CArchSwinject.framework */ = {isa = PBXFileReference; explicitFileType = wrapper.framework; includeInIndex = 0; path = CArchSwinject.framework; sourceTree = BUILT_PRODUCTS_DIR; };
		F0FFD79726D65DDE00291681 /* CArchSwinjectTests.xctest */ = {isa = PBXFileReference; explicitFileType = wrapper.cfbundle; includeInIndex = 0; path = CArchSwinjectTests.xctest; sourceTree = BUILT_PRODUCTS_DIR; };
		F0FFD7A926D65E5C00291681 /* CArchSwinjectTests.swift */ = {isa = PBXFileReference; lastKnownFileType = sourcecode.swift; path = CArchSwinjectTests.swift; sourceTree = "<group>"; };
		F0FFD7AA26D65E5C00291681 /* Info.plist */ = {isa = PBXFileReference; lastKnownFileType = text.plist.xml; path = Info.plist; sourceTree = "<group>"; };
		F0FFD7AB26D65E5C00291681 /* Package.swift */ = {isa = PBXFileReference; lastKnownFileType = sourcecode.swift; path = Package.swift; sourceTree = "<group>"; };
		F0FFD7AD26D65E5C00291681 /* CArchSwinject.h */ = {isa = PBXFileReference; lastKnownFileType = sourcecode.c.h; path = CArchSwinject.h; sourceTree = "<group>"; };
		F0FFD7AE26D65E5C00291681 /* Info.plist */ = {isa = PBXFileReference; lastKnownFileType = text.plist.xml; path = Info.plist; sourceTree = "<group>"; };
		F0FFD7AF26D65F1600291681 /* InstanceStorage.swift */ = {isa = PBXFileReference; fileEncoding = 4; lastKnownFileType = sourcecode.swift; path = InstanceStorage.swift; sourceTree = "<group>"; };
		F0FFD7B026D65F1600291681 /* ServicesApplying.swift */ = {isa = PBXFileReference; fileEncoding = 4; lastKnownFileType = sourcecode.swift; path = ServicesApplying.swift; sourceTree = "<group>"; };
		F0FFD7B226D65F1600291681 /* LayoutAssemblyFactory.swift */ = {isa = PBXFileReference; fileEncoding = 4; lastKnownFileType = sourcecode.swift; path = LayoutAssemblyFactory.swift; sourceTree = "<group>"; };
		F0FFD7B326D65F1600291681 /* UIViewController+LMA.swift */ = {isa = PBXFileReference; fileEncoding = 4; lastKnownFileType = sourcecode.swift; path = "UIViewController+LMA.swift"; sourceTree = "<group>"; };
		F0FFD7B426D65F1600291681 /* LayoutModuleApplying.swift */ = {isa = PBXFileReference; fileEncoding = 4; lastKnownFileType = sourcecode.swift; path = LayoutModuleApplying.swift; sourceTree = "<group>"; };
		F0FFD7B526D65F1600291681 /* Container+DIContainer.swift */ = {isa = PBXFileReference; fileEncoding = 4; lastKnownFileType = sourcecode.swift; path = "Container+DIContainer.swift"; sourceTree = "<group>"; };
		F0FFD7B726D65F1600291681 /* Container+DIStoryboard.swift */ = {isa = PBXFileReference; fileEncoding = 4; lastKnownFileType = sourcecode.swift; path = "Container+DIStoryboard.swift"; sourceTree = "<group>"; };
		F0FFD7B826D65F1600291681 /* UIViewController+SMA.swift */ = {isa = PBXFileReference; fileEncoding = 4; lastKnownFileType = sourcecode.swift; path = "UIViewController+SMA.swift"; sourceTree = "<group>"; };
		F0FFD7B926D65F1600291681 /* StoryboardModuleApplying.swift */ = {isa = PBXFileReference; fileEncoding = 4; lastKnownFileType = sourcecode.swift; path = StoryboardModuleApplying.swift; sourceTree = "<group>"; };
		F0FFD7BA26D65F1600291681 /* StoryboardAssemblyFactory.swift */ = {isa = PBXFileReference; fileEncoding = 4; lastKnownFileType = sourcecode.swift; path = StoryboardAssemblyFactory.swift; sourceTree = "<group>"; };
		F0FFD7BB26D65F1700291681 /* UnsafeInjectable.swift */ = {isa = PBXFileReference; fileEncoding = 4; lastKnownFileType = sourcecode.swift; path = UnsafeInjectable.swift; sourceTree = "<group>"; };
		F0FFD7BC26D65F1700291681 /* SwinjectProvider.swift */ = {isa = PBXFileReference; fileEncoding = 4; lastKnownFileType = sourcecode.swift; path = SwinjectProvider.swift; sourceTree = "<group>"; };
		F0FFD7CC26D65FF700291681 /* README.md */ = {isa = PBXFileReference; lastKnownFileType = net.daringfireball.markdown; path = README.md; sourceTree = "<group>"; };
		F0FFD7CD26D65FFF00291681 /* Gemfile */ = {isa = PBXFileReference; explicitFileType = text.script.ruby; fileEncoding = 4; path = Gemfile; sourceTree = "<group>"; };
		F0FFD7D326D6614C00291681 /* Playground.app */ = {isa = PBXFileReference; explicitFileType = wrapper.application; includeInIndex = 0; path = Playground.app; sourceTree = BUILT_PRODUCTS_DIR; };
		F0FFD7D526D6614C00291681 /* AppDelegate.swift */ = {isa = PBXFileReference; lastKnownFileType = sourcecode.swift; path = AppDelegate.swift; sourceTree = "<group>"; };
		F0FFD7D726D6614C00291681 /* SceneDelegate.swift */ = {isa = PBXFileReference; lastKnownFileType = sourcecode.swift; path = SceneDelegate.swift; sourceTree = "<group>"; };
		F0FFD7DE26D6614D00291681 /* Assets.xcassets */ = {isa = PBXFileReference; lastKnownFileType = folder.assetcatalog; path = Assets.xcassets; sourceTree = "<group>"; };
		F0FFD7E126D6614D00291681 /* Base */ = {isa = PBXFileReference; lastKnownFileType = file.storyboard; name = Base; path = Base.lproj/LaunchScreen.storyboard; sourceTree = "<group>"; };
		F0FFD7E326D6614D00291681 /* Info.plist */ = {isa = PBXFileReference; lastKnownFileType = text.plist.xml; path = Info.plist; sourceTree = "<group>"; };
		FD186A6BC1F656AF88FE9232 /* MainAssembly.swift */ = {isa = PBXFileReference; includeInIndex = 1; lastKnownFileType = sourcecode.swift; path = MainAssembly.swift; sourceTree = "<group>"; };
/* End PBXFileReference section */

/* Begin PBXFrameworksBuildPhase section */
		DF22E372273132A0008B96A0 /* Frameworks */ = {
			isa = PBXFrameworksBuildPhase;
			buildActionMask = 2147483647;
			files = (
			);
			runOnlyForDeploymentPostprocessing = 0;
		};
		F0FFD78B26D65DDE00291681 /* Frameworks */ = {
			isa = PBXFrameworksBuildPhase;
			buildActionMask = 2147483647;
			files = (
				5B3C236224543279DD67D4E1 /* Pods_CArchSwinject.framework in Frameworks */,
			);
			runOnlyForDeploymentPostprocessing = 0;
		};
		F0FFD79426D65DDE00291681 /* Frameworks */ = {
			isa = PBXFrameworksBuildPhase;
			buildActionMask = 2147483647;
			files = (
				F0FFD79826D65DDE00291681 /* CArchSwinject.framework in Frameworks */,
				F4919562DED6B719AEAF3146 /* Pods_CArchSwinjectTests.framework in Frameworks */,
			);
			runOnlyForDeploymentPostprocessing = 0;
		};
		F0FFD7D026D6614C00291681 /* Frameworks */ = {
			isa = PBXFrameworksBuildPhase;
			buildActionMask = 2147483647;
			files = (
				810FE3B00D920EEE1E1A7B20 /* Pods_Playground.framework in Frameworks */,
				DF22E37E27313369008B96A0 /* CArchSwinject.framework in Frameworks */,
			);
			runOnlyForDeploymentPostprocessing = 0;
		};
/* End PBXFrameworksBuildPhase section */

/* Begin PBXGroup section */
		19A864BD6471BB73E896D6F8 /* Frameworks */ = {
			isa = PBXGroup;
			children = (
				BE5AB90EBE70335601821ACB /* Pods_CArchSwinject.framework */,
				05452462847C3311CCB6591E /* Pods_CArchSwinjectTests.framework */,
				7CA94DA6FD464E86552A43EA /* Pods_Playground.framework */,
			);
			name = Frameworks;
			sourceTree = "<group>";
		};
		21BA46509F8F32735F190B5C /* Main */ = {
			isa = PBXGroup;
			children = (
				BDF7511448D74B0D123EE1FA /* Renderers */,
				5D98713FA04EDD7ED8CD88DB /* Main.storyboard */,
				8BE842558B939091CD28F6E5 /* MainView.swift */,
				CF207D7984CA472FB5526857 /* MainState.swift */,
				303A1BB522B65808F52329E1 /* MainPresenter.swift */,
				B80C9ED9B6D46F7B2538B896 /* MainProvider.swift */,
				ECE2C8F11D3A81928212190B /* MainRouter.swift */,
				FD186A6BC1F656AF88FE9232 /* MainAssembly.swift */,
			);
			path = Main;
			sourceTree = "<group>";
		};
		577E2B8D444E86EA01E7F808 /* PresentationLayer */ = {
			isa = PBXGroup;
			children = (
				EA29ADE55776BEE5FEE98AFF /* Modules */,
			);
			path = PresentationLayer;
			sourceTree = "<group>";
		};
		6EF71B006465F9F6BB3BF9C3 /* Pods */ = {
			isa = PBXGroup;
			children = (
				1A5C607453E78A4102B9C8C1 /* Pods-CArchSwinject.debug.xcconfig */,
				E52EB1D0C22563CEE4B8A93D /* Pods-CArchSwinject.release.xcconfig */,
				2C27CF50D2434DC7D7DD1C0D /* Pods-CArchSwinject-CArchSwinjectTests.debug.xcconfig */,
				B30AF7F87E853967355C3ADC /* Pods-CArchSwinject-CArchSwinjectTests.release.xcconfig */,
				0E3CF57CB77F493D3D12FC4E /* Pods-CArchSwinjectTests.debug.xcconfig */,
				C8AA24CD9170AE7A58CB3EDF /* Pods-CArchSwinjectTests.release.xcconfig */,
				C8773D4668329CFAEB67B220 /* Pods-Playground.debug.xcconfig */,
				4803454DBA7C69C68161B172 /* Pods-Playground.release.xcconfig */,
			);
			path = Pods;
			sourceTree = "<group>";
		};
		72E32C1BA0468E6580BD9D28 /* Assembly */ = {
			isa = PBXGroup;
			children = (
				250E8E62870ED337A38DF45B /* MainAssemblyTest.swift */,
			);
			path = Assembly;
			sourceTree = "<group>";
		};
		794CE37F3D3A6D21AD153405 /* TestPresentationLayer */ = {
			isa = PBXGroup;
			children = (
				DCD337AB60241D5A3517D37A /* Main */,
			);
			path = TestPresentationLayer;
			sourceTree = "<group>";
		};
		BDF7511448D74B0D123EE1FA /* Renderers */ = {
			isa = PBXGroup;
			children = (
				C6A63B39BC48A2F7DBCD3272 /* MainRenderer.swift */,
			);
			path = Renderers;
			sourceTree = "<group>";
		};
		DCD337AB60241D5A3517D37A /* Main */ = {
			isa = PBXGroup;
			children = (
				72E32C1BA0468E6580BD9D28 /* Assembly */,
			);
			path = Main;
			sourceTree = "<group>";
		};
		DF22E36027313152008B96A0 /* Templates */ = {
			isa = PBXGroup;
			children = (
				DF22E36127313152008B96A0 /* Playground */,
				DF22E36F27313152008B96A0 /* Sourcery */,
			);
			path = Templates;
			sourceTree = "<group>";
		};
		DF22E36127313152008B96A0 /* Playground */ = {
			isa = PBXGroup;
			children = (
				DF22E36227313152008B96A0 /* Playground.rambaspec */,
				DF22E36327313152008B96A0 /* Tests */,
				DF22E36627313152008B96A0 /* Code */,
			);
			path = Playground;
			sourceTree = "<group>";
		};
		DF22E36327313152008B96A0 /* Tests */ = {
			isa = PBXGroup;
			children = (
				DF22E36427313152008B96A0 /* Assembly */,
			);
			path = Tests;
			sourceTree = "<group>";
		};
		DF22E36427313152008B96A0 /* Assembly */ = {
			isa = PBXGroup;
			children = (
				DF22E36527313152008B96A0 /* assemblyTest.swift.liquid */,
			);
			path = Assembly;
			sourceTree = "<group>";
		};
		DF22E36627313152008B96A0 /* Code */ = {
			isa = PBXGroup;
			children = (
				DF22E36727313152008B96A0 /* renderer.swift.liquid */,
				DF22E36827313152008B96A0 /* storyboard.storyboard.liquid */,
				DF22E36927313152008B96A0 /* assembly.swift.liquid */,
				DF22E36A27313152008B96A0 /* state.swift.liquid */,
				DF22E36B27313152008B96A0 /* presenter.swift.liquid */,
				DF22E36C27313152008B96A0 /* provider.swift.liquid */,
				DF22E36D27313152008B96A0 /* router.swift.liquid */,
				DF22E36E27313152008B96A0 /* view.swift.liquid */,
			);
			path = Code;
			sourceTree = "<group>";
		};
		DF22E36F27313152008B96A0 /* Sourcery */ = {
			isa = PBXGroup;
			children = (
				DF22E37027313152008B96A0 /* AutoMockable-BlackBook.stencil */,
			);
			path = Sourcery;
			sourceTree = "<group>";
		};
		DF22E376273132A0008B96A0 /* PlaygroundTests */ = {
			isa = PBXGroup;
			children = (
				DF22E377273132A0008B96A0 /* PlaygroundTests.swift */,
				794CE37F3D3A6D21AD153405 /* TestPresentationLayer */,
			);
			path = PlaygroundTests;
			sourceTree = "<group>";
		};
		DF22E383273134F0008B96A0 /* App */ = {
			isa = PBXGroup;
			children = (
				F0FFD7D526D6614C00291681 /* AppDelegate.swift */,
				F0FFD7D726D6614C00291681 /* SceneDelegate.swift */,
			);
			path = App;
			sourceTree = "<group>";
		};
		EA29ADE55776BEE5FEE98AFF /* Modules */ = {
			isa = PBXGroup;
			children = (
				21BA46509F8F32735F190B5C /* Main */,
			);
			path = Modules;
			sourceTree = "<group>";
		};
		F0FFD78426D65DDE00291681 = {
			isa = PBXGroup;
			children = (
				F0FFD7AB26D65E5C00291681 /* Package.swift */,
				F0FFD7C926D65FD000291681 /* CICD */,
				F0FFD7CB26D65FDD00291681 /* Metadata */,
				F0FFD7AC26D65E5C00291681 /* Sources */,
				F0FFD7A826D65E5C00291681 /* Tests */,
				F0FFD7D426D6614C00291681 /* Playground */,
				DF22E376273132A0008B96A0 /* PlaygroundTests */,
				DF22E36027313152008B96A0 /* Templates */,
				F0FFD78F26D65DDE00291681 /* Products */,
				6EF71B006465F9F6BB3BF9C3 /* Pods */,
				19A864BD6471BB73E896D6F8 /* Frameworks */,
			);
			sourceTree = "<group>";
		};
		F0FFD78F26D65DDE00291681 /* Products */ = {
			isa = PBXGroup;
			children = (
				F0FFD78E26D65DDE00291681 /* CArchSwinject.framework */,
				F0FFD79726D65DDE00291681 /* CArchSwinjectTests.xctest */,
				F0FFD7D326D6614C00291681 /* Playground.app */,
				DF22E375273132A0008B96A0 /* PlaygroundTests.xctest */,
			);
			name = Products;
			sourceTree = "<group>";
		};
		F0FFD7A826D65E5C00291681 /* Tests */ = {
			isa = PBXGroup;
			children = (
				F0FFD7A926D65E5C00291681 /* CArchSwinjectTests.swift */,
				F0FFD7AA26D65E5C00291681 /* Info.plist */,
			);
			path = Tests;
			sourceTree = "<group>";
		};
		F0FFD7AC26D65E5C00291681 /* Sources */ = {
			isa = PBXGroup;
			children = (
				F0FFD7AE26D65E5C00291681 /* Info.plist */,
				F0FFD7AD26D65E5C00291681 /* CArchSwinject.h */,
				F0FFD7AF26D65F1600291681 /* InstanceStorage.swift */,
				F0FFD7BB26D65F1700291681 /* UnsafeInjectable.swift */,
				F0FFD7BC26D65F1700291681 /* SwinjectProvider.swift */,
				F0FFD7B026D65F1600291681 /* ServicesApplying.swift */,
				F0FFD7B526D65F1600291681 /* Container+DIContainer.swift */,
				F0FFD7B126D65F1600291681 /* Layout */,
				F0FFD7B626D65F1600291681 /* Storyboard */,
			);
			path = Sources;
			sourceTree = "<group>";
		};
		F0FFD7B126D65F1600291681 /* Layout */ = {
			isa = PBXGroup;
			children = (
				F0FFD7B326D65F1600291681 /* UIViewController+LMA.swift */,
				F0FFD7B426D65F1600291681 /* LayoutModuleApplying.swift */,
				F0FFD7B226D65F1600291681 /* LayoutAssemblyFactory.swift */,
			);
			path = Layout;
			sourceTree = "<group>";
		};
		F0FFD7B626D65F1600291681 /* Storyboard */ = {
			isa = PBXGroup;
			children = (
				F0FFD7B826D65F1600291681 /* UIViewController+SMA.swift */,
				F0FFD7B726D65F1600291681 /* Container+DIStoryboard.swift */,
				F0FFD7B926D65F1600291681 /* StoryboardModuleApplying.swift */,
				F0FFD7BA26D65F1600291681 /* StoryboardAssemblyFactory.swift */,
			);
			path = Storyboard;
			sourceTree = "<group>";
		};
		F0FFD7C926D65FD000291681 /* CICD */ = {
			isa = PBXGroup;
			children = (
				F0A5F50126D8E8D4004901E5 /* .swiftlint.yml */,
				F0FFD7CA26D65FD700291681 /* Fastlane */,
			);
			name = CICD;
			sourceTree = "<group>";
		};
		F0FFD7CA26D65FD700291681 /* Fastlane */ = {
			isa = PBXGroup;
			children = (
				F0A5F4FD26D8E85B004901E5 /* Fastfile */,
				F0A5F4FE26D8E85B004901E5 /* Pluginfile */,
				F0FFD7CD26D65FFF00291681 /* Gemfile */,
			);
			name = Fastlane;
			sourceTree = "<group>";
		};
		F0FFD7CB26D65FDD00291681 /* Metadata */ = {
			isa = PBXGroup;
			children = (
				F0A5F4FC26D8E3CE004901E5 /* LICENSE */,
				F0FFD7CC26D65FF700291681 /* README.md */,
				F0A5F4FB26D8E3A2004901E5 /* CArchSwinject.podspec */,
			);
			name = Metadata;
			sourceTree = "<group>";
		};
		F0FFD7D426D6614C00291681 /* Playground */ = {
			isa = PBXGroup;
			children = (
				DF22E383273134F0008B96A0 /* App */,
				577E2B8D444E86EA01E7F808 /* PresentationLayer */,
				F0FFD7DE26D6614D00291681 /* Assets.xcassets */,
				F0FFD7E026D6614D00291681 /* LaunchScreen.storyboard */,
				F0FFD7E326D6614D00291681 /* Info.plist */,
			);
			path = Playground;
			sourceTree = "<group>";
		};
/* End PBXGroup section */

/* Begin PBXHeadersBuildPhase section */
		F0FFD78926D65DDE00291681 /* Headers */ = {
			isa = PBXHeadersBuildPhase;
			buildActionMask = 2147483647;
			files = (
			);
			runOnlyForDeploymentPostprocessing = 0;
		};
/* End PBXHeadersBuildPhase section */

/* Begin PBXNativeTarget section */
		DF22E374273132A0008B96A0 /* PlaygroundTests */ = {
			isa = PBXNativeTarget;
			buildConfigurationList = DF22E37B273132A0008B96A0 /* Build configuration list for PBXNativeTarget "PlaygroundTests" */;
			buildPhases = (
				DF22E371273132A0008B96A0 /* Sources */,
				DF22E372273132A0008B96A0 /* Frameworks */,
				DF22E373273132A0008B96A0 /* Resources */,
			);
			buildRules = (
			);
			dependencies = (
				DF22E37A273132A0008B96A0 /* PBXTargetDependency */,
			);
			name = PlaygroundTests;
			productName = PlaygroundTests;
			productReference = DF22E375273132A0008B96A0 /* PlaygroundTests.xctest */;
			productType = "com.apple.product-type.bundle.unit-test";
		};
		F0FFD78D26D65DDE00291681 /* CArchSwinject */ = {
			isa = PBXNativeTarget;
			buildConfigurationList = F0FFD7A226D65DDE00291681 /* Build configuration list for PBXNativeTarget "CArchSwinject" */;
			buildPhases = (
				626A1CD7802CBFFF787FB319 /* [CP] Check Pods Manifest.lock */,
				F0FFD78926D65DDE00291681 /* Headers */,
				F0FFD78A26D65DDE00291681 /* Sources */,
				F0FFD78B26D65DDE00291681 /* Frameworks */,
				F0FFD78C26D65DDE00291681 /* Resources */,
				F0A5F4FF26D8E86D004901E5 /* SwiftLint */,
			);
			buildRules = (
			);
			dependencies = (
			);
			name = CArchSwinject;
			productName = CArchSwinject;
			productReference = F0FFD78E26D65DDE00291681 /* CArchSwinject.framework */;
			productType = "com.apple.product-type.framework";
		};
		F0FFD79626D65DDE00291681 /* CArchSwinjectTests */ = {
			isa = PBXNativeTarget;
			buildConfigurationList = F0FFD7A526D65DDE00291681 /* Build configuration list for PBXNativeTarget "CArchSwinjectTests" */;
			buildPhases = (
				03CE53663D5213980FCA0974 /* [CP] Check Pods Manifest.lock */,
				F0FFD79326D65DDE00291681 /* Sources */,
				F0FFD79426D65DDE00291681 /* Frameworks */,
				F0FFD79526D65DDE00291681 /* Resources */,
				81311EA4A225B51254156F57 /* [CP] Embed Pods Frameworks */,
			);
			buildRules = (
			);
			dependencies = (
				F0FFD79A26D65DDE00291681 /* PBXTargetDependency */,
			);
			name = CArchSwinjectTests;
			productName = CArchSwinjectTests;
			productReference = F0FFD79726D65DDE00291681 /* CArchSwinjectTests.xctest */;
			productType = "com.apple.product-type.bundle.unit-test";
		};
		F0FFD7D226D6614C00291681 /* Playground */ = {
			isa = PBXNativeTarget;
			buildConfigurationList = F0FFD7E426D6614D00291681 /* Build configuration list for PBXNativeTarget "Playground" */;
			buildPhases = (
				98502BBABAB8714E0957E5AD /* [CP] Check Pods Manifest.lock */,
				F0FFD7CF26D6614C00291681 /* Sources */,
				F0FFD7D026D6614C00291681 /* Frameworks */,
				F0FFD7D126D6614C00291681 /* Resources */,
				48554DAC7C27FB10C412C3F1 /* [CP] Embed Pods Frameworks */,
				DF22E38227313369008B96A0 /* Embed Frameworks */,
			);
			buildRules = (
			);
			dependencies = (
				DF22E38127313369008B96A0 /* PBXTargetDependency */,
			);
			name = Playground;
			productName = Playground;
			productReference = F0FFD7D326D6614C00291681 /* Playground.app */;
			productType = "com.apple.product-type.application";
		};
/* End PBXNativeTarget section */

/* Begin PBXProject section */
		F0FFD78526D65DDE00291681 /* Project object */ = {
			isa = PBXProject;
			attributes = {
				LastSwiftUpdateCheck = 1310;
				LastUpgradeCheck = 1250;
				TargetAttributes = {
					DF22E374273132A0008B96A0 = {
						CreatedOnToolsVersion = 13.1;
						TestTargetID = F0FFD7D226D6614C00291681;
					};
					F0FFD78D26D65DDE00291681 = {
						CreatedOnToolsVersion = 12.5.1;
						LastSwiftMigration = 1250;
					};
					F0FFD79626D65DDE00291681 = {
						CreatedOnToolsVersion = 12.5.1;
					};
					F0FFD7D226D6614C00291681 = {
						CreatedOnToolsVersion = 12.5.1;
					};
				};
			};
			buildConfigurationList = F0FFD78826D65DDE00291681 /* Build configuration list for PBXProject "CArchSwinject" */;
			compatibilityVersion = "Xcode 9.3";
			developmentRegion = en;
			hasScannedForEncodings = 0;
			knownRegions = (
				en,
				Base,
			);
			mainGroup = F0FFD78426D65DDE00291681;
			productRefGroup = F0FFD78F26D65DDE00291681 /* Products */;
			projectDirPath = "";
			projectRoot = "";
			targets = (
				F0FFD78D26D65DDE00291681 /* CArchSwinject */,
				F0FFD79626D65DDE00291681 /* CArchSwinjectTests */,
				F0FFD7D226D6614C00291681 /* Playground */,
				DF22E374273132A0008B96A0 /* PlaygroundTests */,
			);
		};
/* End PBXProject section */

/* Begin PBXResourcesBuildPhase section */
		DF22E373273132A0008B96A0 /* Resources */ = {
			isa = PBXResourcesBuildPhase;
			buildActionMask = 2147483647;
			files = (
			);
			runOnlyForDeploymentPostprocessing = 0;
		};
		F0FFD78C26D65DDE00291681 /* Resources */ = {
			isa = PBXResourcesBuildPhase;
			buildActionMask = 2147483647;
			files = (
				F0FFD7CE26D65FFF00291681 /* Gemfile in Resources */,
			);
			runOnlyForDeploymentPostprocessing = 0;
		};
		F0FFD79526D65DDE00291681 /* Resources */ = {
			isa = PBXResourcesBuildPhase;
			buildActionMask = 2147483647;
			files = (
			);
			runOnlyForDeploymentPostprocessing = 0;
		};
		F0FFD7D126D6614C00291681 /* Resources */ = {
			isa = PBXResourcesBuildPhase;
			buildActionMask = 2147483647;
			files = (
				F0FFD7E226D6614D00291681 /* LaunchScreen.storyboard in Resources */,
				F0FFD7DF26D6614D00291681 /* Assets.xcassets in Resources */,
				CBD5F75EFDA8D4EEDBBBF5C6 /* Main.storyboard in Resources */,
			);
			runOnlyForDeploymentPostprocessing = 0;
		};
/* End PBXResourcesBuildPhase section */

/* Begin PBXShellScriptBuildPhase section */
		03CE53663D5213980FCA0974 /* [CP] Check Pods Manifest.lock */ = {
			isa = PBXShellScriptBuildPhase;
			buildActionMask = 2147483647;
			files = (
			);
			inputFileListPaths = (
			);
			inputPaths = (
				"${PODS_PODFILE_DIR_PATH}/Podfile.lock",
				"${PODS_ROOT}/Manifest.lock",
			);
			name = "[CP] Check Pods Manifest.lock";
			outputFileListPaths = (
			);
			outputPaths = (
				"$(DERIVED_FILE_DIR)/Pods-CArchSwinjectTests-checkManifestLockResult.txt",
			);
			runOnlyForDeploymentPostprocessing = 0;
			shellPath = /bin/sh;
			shellScript = "diff \"${PODS_PODFILE_DIR_PATH}/Podfile.lock\" \"${PODS_ROOT}/Manifest.lock\" > /dev/null\nif [ $? != 0 ] ; then\n    # print error to STDERR\n    echo \"error: The sandbox is not in sync with the Podfile.lock. Run 'pod install' or update your CocoaPods installation.\" >&2\n    exit 1\nfi\n# This output is used by Xcode 'outputs' to avoid re-running this script phase.\necho \"SUCCESS\" > \"${SCRIPT_OUTPUT_FILE_0}\"\n";
			showEnvVarsInLog = 0;
		};
		48554DAC7C27FB10C412C3F1 /* [CP] Embed Pods Frameworks */ = {
			isa = PBXShellScriptBuildPhase;
			buildActionMask = 2147483647;
			files = (
			);
			inputFileListPaths = (
				"${PODS_ROOT}/Target Support Files/Pods-Playground/Pods-Playground-frameworks-${CONFIGURATION}-input-files.xcfilelist",
			);
			name = "[CP] Embed Pods Frameworks";
			outputFileListPaths = (
				"${PODS_ROOT}/Target Support Files/Pods-Playground/Pods-Playground-frameworks-${CONFIGURATION}-output-files.xcfilelist",
			);
			runOnlyForDeploymentPostprocessing = 0;
			shellPath = /bin/sh;
			shellScript = "\"${PODS_ROOT}/Target Support Files/Pods-Playground/Pods-Playground-frameworks.sh\"\n";
			showEnvVarsInLog = 0;
		};
		626A1CD7802CBFFF787FB319 /* [CP] Check Pods Manifest.lock */ = {
			isa = PBXShellScriptBuildPhase;
			buildActionMask = 2147483647;
			files = (
			);
			inputFileListPaths = (
			);
			inputPaths = (
				"${PODS_PODFILE_DIR_PATH}/Podfile.lock",
				"${PODS_ROOT}/Manifest.lock",
			);
			name = "[CP] Check Pods Manifest.lock";
			outputFileListPaths = (
			);
			outputPaths = (
				"$(DERIVED_FILE_DIR)/Pods-CArchSwinject-checkManifestLockResult.txt",
			);
			runOnlyForDeploymentPostprocessing = 0;
			shellPath = /bin/sh;
			shellScript = "diff \"${PODS_PODFILE_DIR_PATH}/Podfile.lock\" \"${PODS_ROOT}/Manifest.lock\" > /dev/null\nif [ $? != 0 ] ; then\n    # print error to STDERR\n    echo \"error: The sandbox is not in sync with the Podfile.lock. Run 'pod install' or update your CocoaPods installation.\" >&2\n    exit 1\nfi\n# This output is used by Xcode 'outputs' to avoid re-running this script phase.\necho \"SUCCESS\" > \"${SCRIPT_OUTPUT_FILE_0}\"\n";
			showEnvVarsInLog = 0;
		};
		81311EA4A225B51254156F57 /* [CP] Embed Pods Frameworks */ = {
			isa = PBXShellScriptBuildPhase;
			buildActionMask = 2147483647;
			files = (
			);
			inputFileListPaths = (
				"${PODS_ROOT}/Target Support Files/Pods-CArchSwinjectTests/Pods-CArchSwinjectTests-frameworks-${CONFIGURATION}-input-files.xcfilelist",
			);
			name = "[CP] Embed Pods Frameworks";
			outputFileListPaths = (
				"${PODS_ROOT}/Target Support Files/Pods-CArchSwinjectTests/Pods-CArchSwinjectTests-frameworks-${CONFIGURATION}-output-files.xcfilelist",
			);
			runOnlyForDeploymentPostprocessing = 0;
			shellPath = /bin/sh;
			shellScript = "\"${PODS_ROOT}/Target Support Files/Pods-CArchSwinjectTests/Pods-CArchSwinjectTests-frameworks.sh\"\n";
			showEnvVarsInLog = 0;
		};
		98502BBABAB8714E0957E5AD /* [CP] Check Pods Manifest.lock */ = {
			isa = PBXShellScriptBuildPhase;
			buildActionMask = 2147483647;
			files = (
			);
			inputFileListPaths = (
			);
			inputPaths = (
				"${PODS_PODFILE_DIR_PATH}/Podfile.lock",
				"${PODS_ROOT}/Manifest.lock",
			);
			name = "[CP] Check Pods Manifest.lock";
			outputFileListPaths = (
			);
			outputPaths = (
				"$(DERIVED_FILE_DIR)/Pods-Playground-checkManifestLockResult.txt",
			);
			runOnlyForDeploymentPostprocessing = 0;
			shellPath = /bin/sh;
			shellScript = "diff \"${PODS_PODFILE_DIR_PATH}/Podfile.lock\" \"${PODS_ROOT}/Manifest.lock\" > /dev/null\nif [ $? != 0 ] ; then\n    # print error to STDERR\n    echo \"error: The sandbox is not in sync with the Podfile.lock. Run 'pod install' or update your CocoaPods installation.\" >&2\n    exit 1\nfi\n# This output is used by Xcode 'outputs' to avoid re-running this script phase.\necho \"SUCCESS\" > \"${SCRIPT_OUTPUT_FILE_0}\"\n";
			showEnvVarsInLog = 0;
		};
		F0A5F4FF26D8E86D004901E5 /* SwiftLint */ = {
			isa = PBXShellScriptBuildPhase;
			buildActionMask = 2147483647;
			files = (
			);
			inputFileListPaths = (
			);
			inputPaths = (
			);
			name = SwiftLint;
			outputFileListPaths = (
			);
			outputPaths = (
			);
			runOnlyForDeploymentPostprocessing = 0;
			shellPath = /bin/sh;
			shellScript = "# Type a script or drag a script file from your workspace to insert its path.\n\"${PODS_ROOT}/SwiftLint/swiftlint\"\n";
		};
/* End PBXShellScriptBuildPhase section */

/* Begin PBXSourcesBuildPhase section */
		DF22E371273132A0008B96A0 /* Sources */ = {
			isa = PBXSourcesBuildPhase;
			buildActionMask = 2147483647;
			files = (
				DF22E378273132A0008B96A0 /* PlaygroundTests.swift in Sources */,
				8091F132C89862B59E22DE3A /* MainAssemblyTest.swift in Sources */,
			);
			runOnlyForDeploymentPostprocessing = 0;
		};
		F0FFD78A26D65DDE00291681 /* Sources */ = {
			isa = PBXSourcesBuildPhase;
			buildActionMask = 2147483647;
			files = (
				F0FFD7C226D65F1700291681 /* Container+DIContainer.swift in Sources */,
				F0FFD7BF26D65F1700291681 /* LayoutAssemblyFactory.swift in Sources */,
				F0FFD7BD26D65F1700291681 /* InstanceStorage.swift in Sources */,
				F0FFD7C526D65F1700291681 /* StoryboardModuleApplying.swift in Sources */,
				F0FFD7BE26D65F1700291681 /* ServicesApplying.swift in Sources */,
				F0FFD7C026D65F1700291681 /* UIViewController+LMA.swift in Sources */,
				F0FFD7C326D65F1700291681 /* Container+DIStoryboard.swift in Sources */,
				F0FFD7C826D65F1700291681 /* SwinjectProvider.swift in Sources */,
				F0FFD7C426D65F1700291681 /* UIViewController+SMA.swift in Sources */,
				F0FFD7C126D65F1700291681 /* LayoutModuleApplying.swift in Sources */,
				F0FFD7C626D65F1700291681 /* StoryboardAssemblyFactory.swift in Sources */,
				F0FFD7C726D65F1700291681 /* UnsafeInjectable.swift in Sources */,
			);
			runOnlyForDeploymentPostprocessing = 0;
		};
		F0FFD79326D65DDE00291681 /* Sources */ = {
			isa = PBXSourcesBuildPhase;
			buildActionMask = 2147483647;
			files = (
			);
			runOnlyForDeploymentPostprocessing = 0;
		};
		F0FFD7CF26D6614C00291681 /* Sources */ = {
			isa = PBXSourcesBuildPhase;
			buildActionMask = 2147483647;
			files = (
				F0FFD7D626D6614C00291681 /* AppDelegate.swift in Sources */,
				F0FFD7D826D6614C00291681 /* SceneDelegate.swift in Sources */,
				E993B77B865888B68EE47C5F /* MainRenderer.swift in Sources */,
				8E90F79206FC967AE2CF242E /* MainView.swift in Sources */,
				066E32BB153C8E3370E9D4D7 /* MainState.swift in Sources */,
				4E8375EAF30CACA4D765FBF6 /* MainPresenter.swift in Sources */,
				5DBD411818C4BEC49168FA17 /* MainProvider.swift in Sources */,
				A8C8F76A66EFBCA1B251C217 /* MainRouter.swift in Sources */,
				99CE846A3A9E69196B49B861 /* MainAssembly.swift in Sources */,
			);
			runOnlyForDeploymentPostprocessing = 0;
		};
/* End PBXSourcesBuildPhase section */

/* Begin PBXTargetDependency section */
		DF22E37A273132A0008B96A0 /* PBXTargetDependency */ = {
			isa = PBXTargetDependency;
			target = F0FFD7D226D6614C00291681 /* Playground */;
			targetProxy = DF22E379273132A0008B96A0 /* PBXContainerItemProxy */;
		};
		DF22E38127313369008B96A0 /* PBXTargetDependency */ = {
			isa = PBXTargetDependency;
			platformFilter = ios;
			target = F0FFD78D26D65DDE00291681 /* CArchSwinject */;
			targetProxy = DF22E38027313369008B96A0 /* PBXContainerItemProxy */;
		};
		F0FFD79A26D65DDE00291681 /* PBXTargetDependency */ = {
			isa = PBXTargetDependency;
			target = F0FFD78D26D65DDE00291681 /* CArchSwinject */;
			targetProxy = F0FFD79926D65DDE00291681 /* PBXContainerItemProxy */;
		};
/* End PBXTargetDependency section */

/* Begin PBXVariantGroup section */
		F0FFD7E026D6614D00291681 /* LaunchScreen.storyboard */ = {
			isa = PBXVariantGroup;
			children = (
				F0FFD7E126D6614D00291681 /* Base */,
			);
			name = LaunchScreen.storyboard;
			sourceTree = "<group>";
		};
/* End PBXVariantGroup section */

/* Begin XCBuildConfiguration section */
		DF22E37C273132A0008B96A0 /* Debug */ = {
			isa = XCBuildConfiguration;
			buildSettings = {
				BUNDLE_LOADER = "$(TEST_HOST)";
				CLANG_CXX_LANGUAGE_STANDARD = "gnu++17";
				CODE_SIGN_STYLE = Automatic;
				CURRENT_PROJECT_VERSION = 1;
				DEVELOPMENT_TEAM = A2HWXL3TD3;
				GENERATE_INFOPLIST_FILE = YES;
				IPHONEOS_DEPLOYMENT_TARGET = 15.0;
				LD_RUNPATH_SEARCH_PATHS = (
					"$(inherited)",
					"@executable_path/Frameworks",
					"@loader_path/Frameworks",
				);
				MARKETING_VERSION = 1.0;
				PRODUCT_BUNDLE_IDENTIFIER = com.jasmin.PlaygroundTests;
				PRODUCT_NAME = "$(TARGET_NAME)";
				SWIFT_EMIT_LOC_STRINGS = NO;
				SWIFT_VERSION = 5.0;
				TARGETED_DEVICE_FAMILY = "1,2";
				TEST_HOST = "$(BUILT_PRODUCTS_DIR)/Playground.app/Playground";
			};
			name = Debug;
		};
		DF22E37D273132A0008B96A0 /* Release */ = {
			isa = XCBuildConfiguration;
			buildSettings = {
				BUNDLE_LOADER = "$(TEST_HOST)";
				CLANG_CXX_LANGUAGE_STANDARD = "gnu++17";
				CODE_SIGN_STYLE = Automatic;
				CURRENT_PROJECT_VERSION = 1;
				DEVELOPMENT_TEAM = A2HWXL3TD3;
				GENERATE_INFOPLIST_FILE = YES;
				IPHONEOS_DEPLOYMENT_TARGET = 15.0;
				LD_RUNPATH_SEARCH_PATHS = (
					"$(inherited)",
					"@executable_path/Frameworks",
					"@loader_path/Frameworks",
				);
				MARKETING_VERSION = 1.0;
				PRODUCT_BUNDLE_IDENTIFIER = com.jasmin.PlaygroundTests;
				PRODUCT_NAME = "$(TARGET_NAME)";
				SWIFT_EMIT_LOC_STRINGS = NO;
				SWIFT_VERSION = 5.0;
				TARGETED_DEVICE_FAMILY = "1,2";
				TEST_HOST = "$(BUILT_PRODUCTS_DIR)/Playground.app/Playground";
			};
			name = Release;
		};
		F0FFD7A026D65DDE00291681 /* Debug */ = {
			isa = XCBuildConfiguration;
			buildSettings = {
				ALWAYS_SEARCH_USER_PATHS = NO;
				CLANG_ANALYZER_NONNULL = YES;
				CLANG_ANALYZER_NUMBER_OBJECT_CONVERSION = YES_AGGRESSIVE;
				CLANG_CXX_LANGUAGE_STANDARD = "gnu++14";
				CLANG_CXX_LIBRARY = "libc++";
				CLANG_ENABLE_MODULES = YES;
				CLANG_ENABLE_OBJC_ARC = YES;
				CLANG_ENABLE_OBJC_WEAK = YES;
				CLANG_WARN_BLOCK_CAPTURE_AUTORELEASING = YES;
				CLANG_WARN_BOOL_CONVERSION = YES;
				CLANG_WARN_COMMA = YES;
				CLANG_WARN_CONSTANT_CONVERSION = YES;
				CLANG_WARN_DEPRECATED_OBJC_IMPLEMENTATIONS = YES;
				CLANG_WARN_DIRECT_OBJC_ISA_USAGE = YES_ERROR;
				CLANG_WARN_DOCUMENTATION_COMMENTS = YES;
				CLANG_WARN_EMPTY_BODY = YES;
				CLANG_WARN_ENUM_CONVERSION = YES;
				CLANG_WARN_INFINITE_RECURSION = YES;
				CLANG_WARN_INT_CONVERSION = YES;
				CLANG_WARN_NON_LITERAL_NULL_CONVERSION = YES;
				CLANG_WARN_OBJC_IMPLICIT_RETAIN_SELF = YES;
				CLANG_WARN_OBJC_LITERAL_CONVERSION = YES;
				CLANG_WARN_OBJC_ROOT_CLASS = YES_ERROR;
				CLANG_WARN_QUOTED_INCLUDE_IN_FRAMEWORK_HEADER = YES;
				CLANG_WARN_RANGE_LOOP_ANALYSIS = YES;
				CLANG_WARN_STRICT_PROTOTYPES = YES;
				CLANG_WARN_SUSPICIOUS_MOVE = YES;
				CLANG_WARN_UNGUARDED_AVAILABILITY = YES_AGGRESSIVE;
				CLANG_WARN_UNREACHABLE_CODE = YES;
				CLANG_WARN__DUPLICATE_METHOD_MATCH = YES;
				COPY_PHASE_STRIP = NO;
				CURRENT_PROJECT_VERSION = 1;
				DEBUG_INFORMATION_FORMAT = dwarf;
				ENABLE_STRICT_OBJC_MSGSEND = YES;
				ENABLE_TESTABILITY = YES;
				GCC_C_LANGUAGE_STANDARD = gnu11;
				GCC_DYNAMIC_NO_PIC = NO;
				GCC_NO_COMMON_BLOCKS = YES;
				GCC_OPTIMIZATION_LEVEL = 0;
				GCC_PREPROCESSOR_DEFINITIONS = (
					"DEBUG=1",
					"$(inherited)",
				);
				GCC_WARN_64_TO_32_BIT_CONVERSION = YES;
				GCC_WARN_ABOUT_RETURN_TYPE = YES_ERROR;
				GCC_WARN_UNDECLARED_SELECTOR = YES;
				GCC_WARN_UNINITIALIZED_AUTOS = YES_AGGRESSIVE;
				GCC_WARN_UNUSED_FUNCTION = YES;
				GCC_WARN_UNUSED_VARIABLE = YES;
				IPHONEOS_DEPLOYMENT_TARGET = 14.5;
				MTL_ENABLE_DEBUG_INFO = INCLUDE_SOURCE;
				MTL_FAST_MATH = YES;
				ONLY_ACTIVE_ARCH = YES;
				SDKROOT = iphoneos;
				SWIFT_ACTIVE_COMPILATION_CONDITIONS = DEBUG;
				SWIFT_OPTIMIZATION_LEVEL = "-Onone";
				VERSIONING_SYSTEM = "apple-generic";
				VERSION_INFO_PREFIX = "";
			};
			name = Debug;
		};
		F0FFD7A126D65DDE00291681 /* Release */ = {
			isa = XCBuildConfiguration;
			buildSettings = {
				ALWAYS_SEARCH_USER_PATHS = NO;
				CLANG_ANALYZER_NONNULL = YES;
				CLANG_ANALYZER_NUMBER_OBJECT_CONVERSION = YES_AGGRESSIVE;
				CLANG_CXX_LANGUAGE_STANDARD = "gnu++14";
				CLANG_CXX_LIBRARY = "libc++";
				CLANG_ENABLE_MODULES = YES;
				CLANG_ENABLE_OBJC_ARC = YES;
				CLANG_ENABLE_OBJC_WEAK = YES;
				CLANG_WARN_BLOCK_CAPTURE_AUTORELEASING = YES;
				CLANG_WARN_BOOL_CONVERSION = YES;
				CLANG_WARN_COMMA = YES;
				CLANG_WARN_CONSTANT_CONVERSION = YES;
				CLANG_WARN_DEPRECATED_OBJC_IMPLEMENTATIONS = YES;
				CLANG_WARN_DIRECT_OBJC_ISA_USAGE = YES_ERROR;
				CLANG_WARN_DOCUMENTATION_COMMENTS = YES;
				CLANG_WARN_EMPTY_BODY = YES;
				CLANG_WARN_ENUM_CONVERSION = YES;
				CLANG_WARN_INFINITE_RECURSION = YES;
				CLANG_WARN_INT_CONVERSION = YES;
				CLANG_WARN_NON_LITERAL_NULL_CONVERSION = YES;
				CLANG_WARN_OBJC_IMPLICIT_RETAIN_SELF = YES;
				CLANG_WARN_OBJC_LITERAL_CONVERSION = YES;
				CLANG_WARN_OBJC_ROOT_CLASS = YES_ERROR;
				CLANG_WARN_QUOTED_INCLUDE_IN_FRAMEWORK_HEADER = YES;
				CLANG_WARN_RANGE_LOOP_ANALYSIS = YES;
				CLANG_WARN_STRICT_PROTOTYPES = YES;
				CLANG_WARN_SUSPICIOUS_MOVE = YES;
				CLANG_WARN_UNGUARDED_AVAILABILITY = YES_AGGRESSIVE;
				CLANG_WARN_UNREACHABLE_CODE = YES;
				CLANG_WARN__DUPLICATE_METHOD_MATCH = YES;
				COPY_PHASE_STRIP = NO;
				CURRENT_PROJECT_VERSION = 1;
				DEBUG_INFORMATION_FORMAT = "dwarf-with-dsym";
				ENABLE_NS_ASSERTIONS = NO;
				ENABLE_STRICT_OBJC_MSGSEND = YES;
				GCC_C_LANGUAGE_STANDARD = gnu11;
				GCC_NO_COMMON_BLOCKS = YES;
				GCC_WARN_64_TO_32_BIT_CONVERSION = YES;
				GCC_WARN_ABOUT_RETURN_TYPE = YES_ERROR;
				GCC_WARN_UNDECLARED_SELECTOR = YES;
				GCC_WARN_UNINITIALIZED_AUTOS = YES_AGGRESSIVE;
				GCC_WARN_UNUSED_FUNCTION = YES;
				GCC_WARN_UNUSED_VARIABLE = YES;
				IPHONEOS_DEPLOYMENT_TARGET = 14.5;
				MTL_ENABLE_DEBUG_INFO = NO;
				MTL_FAST_MATH = YES;
				SDKROOT = iphoneos;
				SWIFT_COMPILATION_MODE = wholemodule;
				SWIFT_OPTIMIZATION_LEVEL = "-O";
				VALIDATE_PRODUCT = YES;
				VERSIONING_SYSTEM = "apple-generic";
				VERSION_INFO_PREFIX = "";
			};
			name = Release;
		};
		F0FFD7A326D65DDE00291681 /* Debug */ = {
			isa = XCBuildConfiguration;
			baseConfigurationReference = 1A5C607453E78A4102B9C8C1 /* Pods-CArchSwinject.debug.xcconfig */;
			buildSettings = {
				CLANG_ENABLE_MODULES = YES;
				CODE_SIGN_STYLE = Automatic;
				DEFINES_MODULE = YES;
				DYLIB_COMPATIBILITY_VERSION = 1;
				DYLIB_CURRENT_VERSION = 1;
				DYLIB_INSTALL_NAME_BASE = "@rpath";
				INFOPLIST_FILE = Sources/Info.plist;
				INSTALL_PATH = "$(LOCAL_LIBRARY_DIR)/Frameworks";
				IPHONEOS_DEPLOYMENT_TARGET = 11.0;
				LD_RUNPATH_SEARCH_PATHS = (
					"$(inherited)",
					"@executable_path/Frameworks",
					"@loader_path/Frameworks",
				);
				PRODUCT_BUNDLE_IDENTIFIER = CArchSwinject;
				PRODUCT_NAME = "$(TARGET_NAME:c99extidentifier)";
				SKIP_INSTALL = YES;
				SUPPORTS_MACCATALYST = NO;
				SWIFT_OPTIMIZATION_LEVEL = "-Onone";
				SWIFT_VERSION = 5.0;
				TARGETED_DEVICE_FAMILY = "1,2";
			};
			name = Debug;
		};
		F0FFD7A426D65DDE00291681 /* Release */ = {
			isa = XCBuildConfiguration;
			baseConfigurationReference = E52EB1D0C22563CEE4B8A93D /* Pods-CArchSwinject.release.xcconfig */;
			buildSettings = {
				CLANG_ENABLE_MODULES = YES;
				CODE_SIGN_STYLE = Automatic;
				DEFINES_MODULE = YES;
				DYLIB_COMPATIBILITY_VERSION = 1;
				DYLIB_CURRENT_VERSION = 1;
				DYLIB_INSTALL_NAME_BASE = "@rpath";
				INFOPLIST_FILE = Sources/Info.plist;
				INSTALL_PATH = "$(LOCAL_LIBRARY_DIR)/Frameworks";
				IPHONEOS_DEPLOYMENT_TARGET = 11.0;
				LD_RUNPATH_SEARCH_PATHS = (
					"$(inherited)",
					"@executable_path/Frameworks",
					"@loader_path/Frameworks",
				);
				PRODUCT_BUNDLE_IDENTIFIER = CArchSwinject;
				PRODUCT_NAME = "$(TARGET_NAME:c99extidentifier)";
				SKIP_INSTALL = YES;
				SUPPORTS_MACCATALYST = NO;
				SWIFT_VERSION = 5.0;
				TARGETED_DEVICE_FAMILY = "1,2";
			};
			name = Release;
		};
		F0FFD7A626D65DDE00291681 /* Debug */ = {
			isa = XCBuildConfiguration;
			baseConfigurationReference = 0E3CF57CB77F493D3D12FC4E /* Pods-CArchSwinjectTests.debug.xcconfig */;
			buildSettings = {
				ALWAYS_EMBED_SWIFT_STANDARD_LIBRARIES = "$(inherited)";
				CODE_SIGN_STYLE = Automatic;
				INFOPLIST_FILE = Tests/Info.plist;
				LD_RUNPATH_SEARCH_PATHS = (
					"$(inherited)",
					"@executable_path/Frameworks",
					"@loader_path/Frameworks",
				);
				PRODUCT_BUNDLE_IDENTIFIER = com.cometrica.CArchSwinjectTests;
				PRODUCT_NAME = "$(TARGET_NAME)";
				SWIFT_VERSION = 5.0;
				TARGETED_DEVICE_FAMILY = "1,2";
			};
			name = Debug;
		};
		F0FFD7A726D65DDE00291681 /* Release */ = {
			isa = XCBuildConfiguration;
			baseConfigurationReference = C8AA24CD9170AE7A58CB3EDF /* Pods-CArchSwinjectTests.release.xcconfig */;
			buildSettings = {
				ALWAYS_EMBED_SWIFT_STANDARD_LIBRARIES = "$(inherited)";
				CODE_SIGN_STYLE = Automatic;
				INFOPLIST_FILE = Tests/Info.plist;
				LD_RUNPATH_SEARCH_PATHS = (
					"$(inherited)",
					"@executable_path/Frameworks",
					"@loader_path/Frameworks",
				);
				PRODUCT_BUNDLE_IDENTIFIER = com.cometrica.CArchSwinjectTests;
				PRODUCT_NAME = "$(TARGET_NAME)";
				SWIFT_VERSION = 5.0;
				TARGETED_DEVICE_FAMILY = "1,2";
			};
			name = Release;
		};
		F0FFD7E526D6614D00291681 /* Debug */ = {
			isa = XCBuildConfiguration;
			baseConfigurationReference = C8773D4668329CFAEB67B220 /* Pods-Playground.debug.xcconfig */;
			buildSettings = {
				ASSETCATALOG_COMPILER_APPICON_NAME = AppIcon;
				ASSETCATALOG_COMPILER_GLOBAL_ACCENT_COLOR_NAME = AccentColor;
				CODE_SIGN_STYLE = Automatic;
				INFOPLIST_FILE = Playground/Info.plist;
				LD_RUNPATH_SEARCH_PATHS = (
					"$(inherited)",
					"@executable_path/Frameworks",
				);
				PRODUCT_BUNDLE_IDENTIFIER = com.cometrica.Playground;
				PRODUCT_NAME = "$(TARGET_NAME)";
				SWIFT_VERSION = 5.0;
				TARGETED_DEVICE_FAMILY = "1,2";
			};
			name = Debug;
		};
		F0FFD7E626D6614D00291681 /* Release */ = {
			isa = XCBuildConfiguration;
			baseConfigurationReference = 4803454DBA7C69C68161B172 /* Pods-Playground.release.xcconfig */;
			buildSettings = {
				ASSETCATALOG_COMPILER_APPICON_NAME = AppIcon;
				ASSETCATALOG_COMPILER_GLOBAL_ACCENT_COLOR_NAME = AccentColor;
				CODE_SIGN_STYLE = Automatic;
				INFOPLIST_FILE = Playground/Info.plist;
				LD_RUNPATH_SEARCH_PATHS = (
					"$(inherited)",
					"@executable_path/Frameworks",
				);
				PRODUCT_BUNDLE_IDENTIFIER = com.cometrica.Playground;
				PRODUCT_NAME = "$(TARGET_NAME)";
				SWIFT_VERSION = 5.0;
				TARGETED_DEVICE_FAMILY = "1,2";
			};
			name = Release;
		};
/* End XCBuildConfiguration section */

/* Begin XCConfigurationList section */
		DF22E37B273132A0008B96A0 /* Build configuration list for PBXNativeTarget "PlaygroundTests" */ = {
			isa = XCConfigurationList;
			buildConfigurations = (
				DF22E37C273132A0008B96A0 /* Debug */,
				DF22E37D273132A0008B96A0 /* Release */,
			);
			defaultConfigurationIsVisible = 0;
			defaultConfigurationName = Release;
		};
		F0FFD78826D65DDE00291681 /* Build configuration list for PBXProject "CArchSwinject" */ = {
			isa = XCConfigurationList;
			buildConfigurations = (
				F0FFD7A026D65DDE00291681 /* Debug */,
				F0FFD7A126D65DDE00291681 /* Release */,
			);
			defaultConfigurationIsVisible = 0;
			defaultConfigurationName = Release;
		};
		F0FFD7A226D65DDE00291681 /* Build configuration list for PBXNativeTarget "CArchSwinject" */ = {
			isa = XCConfigurationList;
			buildConfigurations = (
				F0FFD7A326D65DDE00291681 /* Debug */,
				F0FFD7A426D65DDE00291681 /* Release */,
			);
			defaultConfigurationIsVisible = 0;
			defaultConfigurationName = Release;
		};
		F0FFD7A526D65DDE00291681 /* Build configuration list for PBXNativeTarget "CArchSwinjectTests" */ = {
			isa = XCConfigurationList;
			buildConfigurations = (
				F0FFD7A626D65DDE00291681 /* Debug */,
				F0FFD7A726D65DDE00291681 /* Release */,
			);
			defaultConfigurationIsVisible = 0;
			defaultConfigurationName = Release;
		};
		F0FFD7E426D6614D00291681 /* Build configuration list for PBXNativeTarget "Playground" */ = {
			isa = XCConfigurationList;
			buildConfigurations = (
				F0FFD7E526D6614D00291681 /* Debug */,
				F0FFD7E626D6614D00291681 /* Release */,
			);
			defaultConfigurationIsVisible = 0;
			defaultConfigurationName = Release;
		};
/* End XCConfigurationList section */
	};
	rootObject = F0FFD78526D65DDE00291681 /* Project object */;
}
